// !$*UTF8*$!
{
	archiveVersion = 1;
	classes = {
	};
	objectVersion = 55;
	objects = {

/* Begin PBXBuildFile section */
		23261A00276B83E700B62577 /* GoogleService-Info.plist in Resources */ = {isa = PBXBuildFile; fileRef = 232619FF276B83E700B62577 /* GoogleService-Info.plist */; };
		2377CE7D273FF8F8001483FD /* AppDelegate.swift in Sources */ = {isa = PBXBuildFile; fileRef = 2377CE7C273FF8F8001483FD /* AppDelegate.swift */; };
		2377CE7F273FF8F8001483FD /* SceneDelegate.swift in Sources */ = {isa = PBXBuildFile; fileRef = 2377CE7E273FF8F8001483FD /* SceneDelegate.swift */; };
		2377CE81273FF8F8001483FD /* MainViewController.swift in Sources */ = {isa = PBXBuildFile; fileRef = 2377CE80273FF8F8001483FD /* MainViewController.swift */; };
		2377CE84273FF8F8001483FD /* Main.storyboard in Resources */ = {isa = PBXBuildFile; fileRef = 2377CE82273FF8F8001483FD /* Main.storyboard */; };
		2377CE86273FF8FA001483FD /* Assets.xcassets in Resources */ = {isa = PBXBuildFile; fileRef = 2377CE85273FF8FA001483FD /* Assets.xcassets */; };
		2377CE89273FF8FA001483FD /* LaunchScreen.storyboard in Resources */ = {isa = PBXBuildFile; fileRef = 2377CE87273FF8FA001483FD /* LaunchScreen.storyboard */; };
		2377CEB3274054C7001483FD /* LoginViewController.swift in Sources */ = {isa = PBXBuildFile; fileRef = 2377CEB2274054C7001483FD /* LoginViewController.swift */; };
		239540B2276A5D83004C87DE /* Course.swift in Sources */ = {isa = PBXBuildFile; fileRef = 239540B1276A5D83004C87DE /* Course.swift */; };
		239540B4276A61A5004C87DE /* CourseBrain.swift in Sources */ = {isa = PBXBuildFile; fileRef = 239540B3276A61A5004C87DE /* CourseBrain.swift */; };
		239540B7276A6780004C87DE /* CourseCell.swift in Sources */ = {isa = PBXBuildFile; fileRef = 239540B5276A6780004C87DE /* CourseCell.swift */; };
		239540B8276A6780004C87DE /* CourseCell.xib in Resources */ = {isa = PBXBuildFile; fileRef = 239540B6276A6780004C87DE /* CourseCell.xib */; };
		23959B1A27AEC6BC00D6650E /* pdfy in Resources */ = {isa = PBXBuildFile; fileRef = 23959B1927AEC6BC00D6650E /* pdfy */; };
		23B78912274A8D7A00D5D5C8 /* MenuViewController.swift in Sources */ = {isa = PBXBuildFile; fileRef = 23B78911274A8D7A00D5D5C8 /* MenuViewController.swift */; };
		23B78914274A8EAD00D5D5C8 /* CategoryViewController.swift in Sources */ = {isa = PBXBuildFile; fileRef = 23B78913274A8EAD00D5D5C8 /* CategoryViewController.swift */; };
		23B78916274A8F0C00D5D5C8 /* TestViewController.swift in Sources */ = {isa = PBXBuildFile; fileRef = 23B78915274A8F0C00D5D5C8 /* TestViewController.swift */; };
		23B78919274A962000D5D5C8 /* ResultViewController.swift in Sources */ = {isa = PBXBuildFile; fileRef = 23B78918274A962000D5D5C8 /* ResultViewController.swift */; };
		23C541C92740621500317775 /* RegisterViewController.swift in Sources */ = {isa = PBXBuildFile; fileRef = 23C541C82740621500317775 /* RegisterViewController.swift */; };
		23DD504E274D663A00A9863F /* Question.swift in Sources */ = {isa = PBXBuildFile; fileRef = 23DD504D274D663A00A9863F /* Question.swift */; };
		23DD5051274D683E00A9863F /* TestBrain.swift in Sources */ = {isa = PBXBuildFile; fileRef = 23DD5050274D683E00A9863F /* TestBrain.swift */; };
		23F65C0927A4467900666479 /* LectureViewController.swift in Sources */ = {isa = PBXBuildFile; fileRef = 23F65C0827A4467900666479 /* LectureViewController.swift */; };
		3523639C27BEAF3100DEDD4D /* C.swift in Sources */ = {isa = PBXBuildFile; fileRef = 3523639B27BEAF3000DEDD4D /* C.swift */; };
		3568EAA027BED79A0040A718 /* ExampleViewController.swift in Sources */ = {isa = PBXBuildFile; fileRef = 3568EA9F27BED79A0040A718 /* ExampleViewController.swift */; };
		3568EAA227BED8080040A718 /* FirebaseBrain.swift in Sources */ = {isa = PBXBuildFile; fileRef = 3568EAA127BED8080040A718 /* FirebaseBrain.swift */; };
/* End PBXBuildFile section */

/* Begin PBXFileReference section */
		232619FF276B83E700B62577 /* GoogleService-Info.plist */ = {isa = PBXFileReference; fileEncoding = 4; lastKnownFileType = text.plist.xml; path = "GoogleService-Info.plist"; sourceTree = "<group>"; };
		2377CE79273FF8F8001483FD /* Matematyka dla maturzystów.app */ = {isa = PBXFileReference; explicitFileType = wrapper.application; includeInIndex = 0; path = "Matematyka dla maturzystów.app"; sourceTree = BUILT_PRODUCTS_DIR; };
		2377CE7C273FF8F8001483FD /* AppDelegate.swift */ = {isa = PBXFileReference; lastKnownFileType = sourcecode.swift; path = AppDelegate.swift; sourceTree = "<group>"; };
		2377CE7E273FF8F8001483FD /* SceneDelegate.swift */ = {isa = PBXFileReference; lastKnownFileType = sourcecode.swift; path = SceneDelegate.swift; sourceTree = "<group>"; };
		2377CE80273FF8F8001483FD /* MainViewController.swift */ = {isa = PBXFileReference; lastKnownFileType = sourcecode.swift; path = MainViewController.swift; sourceTree = "<group>"; };
		2377CE83273FF8F8001483FD /* Base */ = {isa = PBXFileReference; lastKnownFileType = file.storyboard; name = Base; path = Base.lproj/Main.storyboard; sourceTree = "<group>"; };
		2377CE85273FF8FA001483FD /* Assets.xcassets */ = {isa = PBXFileReference; lastKnownFileType = folder.assetcatalog; path = Assets.xcassets; sourceTree = "<group>"; };
		2377CE88273FF8FA001483FD /* Base */ = {isa = PBXFileReference; lastKnownFileType = file.storyboard; name = Base; path = Base.lproj/LaunchScreen.storyboard; sourceTree = "<group>"; };
		2377CE8A273FF8FA001483FD /* Info.plist */ = {isa = PBXFileReference; lastKnownFileType = text.plist.xml; path = Info.plist; sourceTree = "<group>"; };
		2377CEB2274054C7001483FD /* LoginViewController.swift */ = {isa = PBXFileReference; lastKnownFileType = sourcecode.swift; path = LoginViewController.swift; sourceTree = "<group>"; };
		239540B1276A5D83004C87DE /* Course.swift */ = {isa = PBXFileReference; lastKnownFileType = sourcecode.swift; path = Course.swift; sourceTree = "<group>"; };
		239540B3276A61A5004C87DE /* CourseBrain.swift */ = {isa = PBXFileReference; lastKnownFileType = sourcecode.swift; path = CourseBrain.swift; sourceTree = "<group>"; };
		239540B5276A6780004C87DE /* CourseCell.swift */ = {isa = PBXFileReference; lastKnownFileType = sourcecode.swift; path = CourseCell.swift; sourceTree = "<group>"; };
		239540B6276A6780004C87DE /* CourseCell.xib */ = {isa = PBXFileReference; lastKnownFileType = file.xib; path = CourseCell.xib; sourceTree = "<group>"; };
		23959B1927AEC6BC00D6650E /* pdfy */ = {isa = PBXFileReference; lastKnownFileType = folder; path = pdfy; sourceTree = "<group>"; };
		23B78911274A8D7A00D5D5C8 /* MenuViewController.swift */ = {isa = PBXFileReference; lastKnownFileType = sourcecode.swift; path = MenuViewController.swift; sourceTree = "<group>"; };
		23B78913274A8EAD00D5D5C8 /* CategoryViewController.swift */ = {isa = PBXFileReference; lastKnownFileType = sourcecode.swift; path = CategoryViewController.swift; sourceTree = "<group>"; };
		23B78915274A8F0C00D5D5C8 /* TestViewController.swift */ = {isa = PBXFileReference; lastKnownFileType = sourcecode.swift; path = TestViewController.swift; sourceTree = "<group>"; };
		23B78918274A962000D5D5C8 /* ResultViewController.swift */ = {isa = PBXFileReference; lastKnownFileType = sourcecode.swift; path = ResultViewController.swift; sourceTree = "<group>"; };
		23C541C82740621500317775 /* RegisterViewController.swift */ = {isa = PBXFileReference; lastKnownFileType = sourcecode.swift; path = RegisterViewController.swift; sourceTree = "<group>"; };
		23DD504D274D663A00A9863F /* Question.swift */ = {isa = PBXFileReference; lastKnownFileType = sourcecode.swift; path = Question.swift; sourceTree = "<group>"; };
		23DD5050274D683E00A9863F /* TestBrain.swift */ = {isa = PBXFileReference; lastKnownFileType = sourcecode.swift; path = TestBrain.swift; sourceTree = "<group>"; };
		23F65C0827A4467900666479 /* LectureViewController.swift */ = {isa = PBXFileReference; lastKnownFileType = sourcecode.swift; path = LectureViewController.swift; sourceTree = "<group>"; };
		3523639B27BEAF3000DEDD4D /* C.swift */ = {isa = PBXFileReference; lastKnownFileType = sourcecode.swift; path = C.swift; sourceTree = "<group>"; };
		3568EA9F27BED79A0040A718 /* ExampleViewController.swift */ = {isa = PBXFileReference; lastKnownFileType = sourcecode.swift; path = ExampleViewController.swift; sourceTree = "<group>"; };
		3568EAA127BED8080040A718 /* FirebaseBrain.swift */ = {isa = PBXFileReference; lastKnownFileType = sourcecode.swift; path = FirebaseBrain.swift; sourceTree = "<group>"; };
		84114F9937407FBAD8F6F0FD /* Pods-Matematyka dla maturzystów.release.xcconfig */ = {isa = PBXFileReference; includeInIndex = 1; lastKnownFileType = text.xcconfig; name = "Pods-Matematyka dla maturzystów.release.xcconfig"; path = "Target Support Files/Pods-Matematyka dla maturzystów/Pods-Matematyka dla maturzystów.release.xcconfig"; sourceTree = "<group>"; };
		C923AA7FB58BFFC0116B76AC /* Pods-Matematyka dla maturzystów.debug.xcconfig */ = {isa = PBXFileReference; includeInIndex = 1; lastKnownFileType = text.xcconfig; name = "Pods-Matematyka dla maturzystów.debug.xcconfig"; path = "Target Support Files/Pods-Matematyka dla maturzystów/Pods-Matematyka dla maturzystów.debug.xcconfig"; sourceTree = "<group>"; };
/* End PBXFileReference section */

/* Begin PBXFrameworksBuildPhase section */
		2377CE76273FF8F8001483FD /* Frameworks */ = {
			isa = PBXFrameworksBuildPhase;
			buildActionMask = 2147483647;
			files = (
			);
			runOnlyForDeploymentPostprocessing = 0;
		};
/* End PBXFrameworksBuildPhase section */

/* Begin PBXGroup section */
		2377CE70273FF8F8001483FD = {
			isa = PBXGroup;
			children = (
				2377CE7B273FF8F8001483FD /* Matematyka dla maturzystów */,
				2377CE7A273FF8F8001483FD /* Products */,
				4BF4290665503B524886CD99 /* Pods */,
			);
			sourceTree = "<group>";
		};
		2377CE7A273FF8F8001483FD /* Products */ = {
			isa = PBXGroup;
			children = (
				2377CE79273FF8F8001483FD /* Matematyka dla maturzystów.app */,
			);
			name = Products;
			sourceTree = "<group>";
		};
		2377CE7B273FF8F8001483FD /* Matematyka dla maturzystów */ = {
			isa = PBXGroup;
			children = (
				23959B1927AEC6BC00D6650E /* pdfy */,
				2377CE7C273FF8F8001483FD /* AppDelegate.swift */,
				2377CE7E273FF8F8001483FD /* SceneDelegate.swift */,
				23B78917274A95F800D5D5C8 /* Controllers */,
				23DD504F274D664600A9863F /* Models */,
				23DD5052274D7D3900A9863F /* View */,
				2377CE85273FF8FA001483FD /* Assets.xcassets */,
				2377CE87273FF8FA001483FD /* LaunchScreen.storyboard */,
				2377CE8A273FF8FA001483FD /* Info.plist */,
				232619FF276B83E700B62577 /* GoogleService-Info.plist */,
				239540B5276A6780004C87DE /* CourseCell.swift */,
				239540B6276A6780004C87DE /* CourseCell.xib */,
				3523639B27BEAF3000DEDD4D /* C.swift */,
			);
			path = "Matematyka dla maturzystów";
			sourceTree = "<group>";
		};
		23B78917274A95F800D5D5C8 /* Controllers */ = {
			isa = PBXGroup;
			children = (
				23C541C82740621500317775 /* RegisterViewController.swift */,
				23B78911274A8D7A00D5D5C8 /* MenuViewController.swift */,
				23B78913274A8EAD00D5D5C8 /* CategoryViewController.swift */,
				23B78915274A8F0C00D5D5C8 /* TestViewController.swift */,
				2377CEB2274054C7001483FD /* LoginViewController.swift */,
				2377CE80273FF8F8001483FD /* MainViewController.swift */,
				23B78918274A962000D5D5C8 /* ResultViewController.swift */,
				23F65C0827A4467900666479 /* LectureViewController.swift */,
				3568EA9F27BED79A0040A718 /* ExampleViewController.swift */,
			);
			path = Controllers;
			sourceTree = "<group>";
		};
		23DD504F274D664600A9863F /* Models */ = {
			isa = PBXGroup;
			children = (
				23DD504D274D663A00A9863F /* Question.swift */,
				23DD5050274D683E00A9863F /* TestBrain.swift */,
				239540B1276A5D83004C87DE /* Course.swift */,
				239540B3276A61A5004C87DE /* CourseBrain.swift */,
				3568EAA127BED8080040A718 /* FirebaseBrain.swift */,
			);
			path = Models;
			sourceTree = "<group>";
		};
		23DD5052274D7D3900A9863F /* View */ = {
			isa = PBXGroup;
			children = (
				2377CE82273FF8F8001483FD /* Main.storyboard */,
			);
			path = View;
			sourceTree = "<group>";
		};
		4BF4290665503B524886CD99 /* Pods */ = {
			isa = PBXGroup;
			children = (
				C923AA7FB58BFFC0116B76AC /* Pods-Matematyka dla maturzystów.debug.xcconfig */,
				84114F9937407FBAD8F6F0FD /* Pods-Matematyka dla maturzystów.release.xcconfig */,
			);
			path = Pods;
			sourceTree = "<group>";
		};
/* End PBXGroup section */

/* Begin PBXNativeTarget section */
		2377CE78273FF8F8001483FD /* Matematyka dla maturzystów */ = {
			isa = PBXNativeTarget;
			buildConfigurationList = 2377CE8D273FF8FA001483FD /* Build configuration list for PBXNativeTarget "Matematyka dla maturzystów" */;
			buildPhases = (
				2D888FB0DEE97A231938B7FA /* [CP] Check Pods Manifest.lock */,
				2377CE75273FF8F8001483FD /* Sources */,
				2377CE76273FF8F8001483FD /* Frameworks */,
				2377CE77273FF8F8001483FD /* Resources */,
				3EEC525618042757617F4F93 /* [CP] Copy Pods Resources */,
			);
			buildRules = (
			);
			dependencies = (
			);
			name = "Matematyka dla maturzystów";
			productName = "Matematyka dla maturzystów";
			productReference = 2377CE79273FF8F8001483FD /* Matematyka dla maturzystów.app */;
			productType = "com.apple.product-type.application";
		};
/* End PBXNativeTarget section */

/* Begin PBXProject section */
		2377CE71273FF8F8001483FD /* Project object */ = {
			isa = PBXProject;
			attributes = {
				BuildIndependentTargetsInParallel = 1;
				LastSwiftUpdateCheck = 1310;
				LastUpgradeCheck = 1310;
				TargetAttributes = {
					2377CE78273FF8F8001483FD = {
						CreatedOnToolsVersion = 13.1;
					};
				};
			};
			buildConfigurationList = 2377CE74273FF8F8001483FD /* Build configuration list for PBXProject "Matematyka dla maturzystów" */;
			compatibilityVersion = "Xcode 13.0";
			developmentRegion = en;
			hasScannedForEncodings = 0;
			knownRegions = (
				en,
				Base,
			);
			mainGroup = 2377CE70273FF8F8001483FD;
			productRefGroup = 2377CE7A273FF8F8001483FD /* Products */;
			projectDirPath = "";
			projectRoot = "";
			targets = (
				2377CE78273FF8F8001483FD /* Matematyka dla maturzystów */,
			);
		};
/* End PBXProject section */

/* Begin PBXResourcesBuildPhase section */
		2377CE77273FF8F8001483FD /* Resources */ = {
			isa = PBXResourcesBuildPhase;
			buildActionMask = 2147483647;
			files = (
				239540B8276A6780004C87DE /* CourseCell.xib in Resources */,
				2377CE89273FF8FA001483FD /* LaunchScreen.storyboard in Resources */,
				23261A00276B83E700B62577 /* GoogleService-Info.plist in Resources */,
				2377CE86273FF8FA001483FD /* Assets.xcassets in Resources */,
				23959B1A27AEC6BC00D6650E /* pdfy in Resources */,
				2377CE84273FF8F8001483FD /* Main.storyboard in Resources */,
			);
			runOnlyForDeploymentPostprocessing = 0;
		};
/* End PBXResourcesBuildPhase section */

/* Begin PBXShellScriptBuildPhase section */
		2D888FB0DEE97A231938B7FA /* [CP] Check Pods Manifest.lock */ = {
			isa = PBXShellScriptBuildPhase;
			buildActionMask = 2147483647;
			files = (
			);
			inputFileListPaths = (
			);
			inputPaths = (
				"${PODS_PODFILE_DIR_PATH}/Podfile.lock",
				"${PODS_ROOT}/Manifest.lock",
			);
			name = "[CP] Check Pods Manifest.lock";
			outputFileListPaths = (
			);
			outputPaths = (
				"$(DERIVED_FILE_DIR)/Pods-Matematyka dla maturzystów-checkManifestLockResult.txt",
			);
			runOnlyForDeploymentPostprocessing = 0;
			shellPath = /bin/sh;
			shellScript = "diff \"${PODS_PODFILE_DIR_PATH}/Podfile.lock\" \"${PODS_ROOT}/Manifest.lock\" > /dev/null\nif [ $? != 0 ] ; then\n    # print error to STDERR\n    echo \"error: The sandbox is not in sync with the Podfile.lock. Run 'pod install' or update your CocoaPods installation.\" >&2\n    exit 1\nfi\n# This output is used by Xcode 'outputs' to avoid re-running this script phase.\necho \"SUCCESS\" > \"${SCRIPT_OUTPUT_FILE_0}\"\n";
			showEnvVarsInLog = 0;
		};
		3EEC525618042757617F4F93 /* [CP] Copy Pods Resources */ = {
			isa = PBXShellScriptBuildPhase;
			buildActionMask = 2147483647;
			files = (
			);
			inputFileListPaths = (
				"${PODS_ROOT}/Target Support Files/Pods-Matematyka dla maturzystów/Pods-Matematyka dla maturzystów-resources-${CONFIGURATION}-input-files.xcfilelist",
			);
			name = "[CP] Copy Pods Resources";
			outputFileListPaths = (
				"${PODS_ROOT}/Target Support Files/Pods-Matematyka dla maturzystów/Pods-Matematyka dla maturzystów-resources-${CONFIGURATION}-output-files.xcfilelist",
			);
			runOnlyForDeploymentPostprocessing = 0;
			shellPath = /bin/sh;
			shellScript = "\"${PODS_ROOT}/Target Support Files/Pods-Matematyka dla maturzystów/Pods-Matematyka dla maturzystów-resources.sh\"\n";
			showEnvVarsInLog = 0;
		};
/* End PBXShellScriptBuildPhase section */

/* Begin PBXSourcesBuildPhase section */
		2377CE75273FF8F8001483FD /* Sources */ = {
			isa = PBXSourcesBuildPhase;
			buildActionMask = 2147483647;
			files = (
				2377CEB3274054C7001483FD /* LoginViewController.swift in Sources */,
				23B78912274A8D7A00D5D5C8 /* MenuViewController.swift in Sources */,
				23B78916274A8F0C00D5D5C8 /* TestViewController.swift in Sources */,
				23B78914274A8EAD00D5D5C8 /* CategoryViewController.swift in Sources */,
				23C541C92740621500317775 /* RegisterViewController.swift in Sources */,
				3523639C27BEAF3100DEDD4D /* C.swift in Sources */,
				23DD504E274D663A00A9863F /* Question.swift in Sources */,
				239540B2276A5D83004C87DE /* Course.swift in Sources */,
				23DD5051274D683E00A9863F /* TestBrain.swift in Sources */,
				23F65C0927A4467900666479 /* LectureViewController.swift in Sources */,
				239540B7276A6780004C87DE /* CourseCell.swift in Sources */,
				239540B4276A61A5004C87DE /* CourseBrain.swift in Sources */,
				2377CE81273FF8F8001483FD /* MainViewController.swift in Sources */,
				3568EAA027BED79A0040A718 /* ExampleViewController.swift in Sources */,
				2377CE7D273FF8F8001483FD /* AppDelegate.swift in Sources */,
				3568EAA227BED8080040A718 /* FirebaseBrain.swift in Sources */,
				2377CE7F273FF8F8001483FD /* SceneDelegate.swift in Sources */,
				23B78919274A962000D5D5C8 /* ResultViewController.swift in Sources */,
			);
			runOnlyForDeploymentPostprocessing = 0;
		};
/* End PBXSourcesBuildPhase section */

/* Begin PBXVariantGroup section */
		2377CE82273FF8F8001483FD /* Main.storyboard */ = {
			isa = PBXVariantGroup;
			children = (
				2377CE83273FF8F8001483FD /* Base */,
			);
			name = Main.storyboard;
			sourceTree = "<group>";
		};
		2377CE87273FF8FA001483FD /* LaunchScreen.storyboard */ = {
			isa = PBXVariantGroup;
			children = (
				2377CE88273FF8FA001483FD /* Base */,
			);
			name = LaunchScreen.storyboard;
			sourceTree = "<group>";
		};
/* End PBXVariantGroup section */

/* Begin XCBuildConfiguration section */
		2377CE8B273FF8FA001483FD /* Debug */ = {
			isa = XCBuildConfiguration;
			buildSettings = {
				ALWAYS_SEARCH_USER_PATHS = NO;
				CLANG_ANALYZER_NONNULL = YES;
				CLANG_ANALYZER_NUMBER_OBJECT_CONVERSION = YES_AGGRESSIVE;
				CLANG_CXX_LANGUAGE_STANDARD = "gnu++17";
				CLANG_CXX_LIBRARY = "libc++";
				CLANG_ENABLE_MODULES = YES;
				CLANG_ENABLE_OBJC_ARC = YES;
				CLANG_ENABLE_OBJC_WEAK = YES;
				CLANG_WARN_BLOCK_CAPTURE_AUTORELEASING = YES;
				CLANG_WARN_BOOL_CONVERSION = YES;
				CLANG_WARN_COMMA = YES;
				CLANG_WARN_CONSTANT_CONVERSION = YES;
				CLANG_WARN_DEPRECATED_OBJC_IMPLEMENTATIONS = YES;
				CLANG_WARN_DIRECT_OBJC_ISA_USAGE = YES_ERROR;
				CLANG_WARN_DOCUMENTATION_COMMENTS = YES;
				CLANG_WARN_EMPTY_BODY = YES;
				CLANG_WARN_ENUM_CONVERSION = YES;
				CLANG_WARN_INFINITE_RECURSION = YES;
				CLANG_WARN_INT_CONVERSION = YES;
				CLANG_WARN_NON_LITERAL_NULL_CONVERSION = YES;
				CLANG_WARN_OBJC_IMPLICIT_RETAIN_SELF = YES;
				CLANG_WARN_OBJC_LITERAL_CONVERSION = YES;
				CLANG_WARN_OBJC_ROOT_CLASS = YES_ERROR;
				CLANG_WARN_QUOTED_INCLUDE_IN_FRAMEWORK_HEADER = YES;
				CLANG_WARN_RANGE_LOOP_ANALYSIS = YES;
				CLANG_WARN_STRICT_PROTOTYPES = YES;
				CLANG_WARN_SUSPICIOUS_MOVE = YES;
				CLANG_WARN_UNGUARDED_AVAILABILITY = YES_AGGRESSIVE;
				CLANG_WARN_UNREACHABLE_CODE = YES;
				CLANG_WARN__DUPLICATE_METHOD_MATCH = YES;
				COPY_PHASE_STRIP = NO;
				DEBUG_INFORMATION_FORMAT = dwarf;
				ENABLE_STRICT_OBJC_MSGSEND = YES;
				ENABLE_TESTABILITY = YES;
				GCC_C_LANGUAGE_STANDARD = gnu11;
				GCC_DYNAMIC_NO_PIC = NO;
				GCC_NO_COMMON_BLOCKS = YES;
				GCC_OPTIMIZATION_LEVEL = 0;
				GCC_PREPROCESSOR_DEFINITIONS = (
					"DEBUG=1",
					"$(inherited)",
				);
				GCC_WARN_64_TO_32_BIT_CONVERSION = YES;
				GCC_WARN_ABOUT_RETURN_TYPE = YES_ERROR;
				GCC_WARN_UNDECLARED_SELECTOR = YES;
				GCC_WARN_UNINITIALIZED_AUTOS = YES_AGGRESSIVE;
				GCC_WARN_UNUSED_FUNCTION = YES;
				GCC_WARN_UNUSED_VARIABLE = YES;
				IPHONEOS_DEPLOYMENT_TARGET = 15.0;
				MTL_ENABLE_DEBUG_INFO = INCLUDE_SOURCE;
				MTL_FAST_MATH = YES;
				ONLY_ACTIVE_ARCH = YES;
				SDKROOT = iphoneos;
				SWIFT_ACTIVE_COMPILATION_CONDITIONS = DEBUG;
				SWIFT_OPTIMIZATION_LEVEL = "-Onone";
			};
			name = Debug;
		};
		2377CE8C273FF8FA001483FD /* Release */ = {
			isa = XCBuildConfiguration;
			buildSettings = {
				ALWAYS_SEARCH_USER_PATHS = NO;
				CLANG_ANALYZER_NONNULL = YES;
				CLANG_ANALYZER_NUMBER_OBJECT_CONVERSION = YES_AGGRESSIVE;
				CLANG_CXX_LANGUAGE_STANDARD = "gnu++17";
				CLANG_CXX_LIBRARY = "libc++";
				CLANG_ENABLE_MODULES = YES;
				CLANG_ENABLE_OBJC_ARC = YES;
				CLANG_ENABLE_OBJC_WEAK = YES;
				CLANG_WARN_BLOCK_CAPTURE_AUTORELEASING = YES;
				CLANG_WARN_BOOL_CONVERSION = YES;
				CLANG_WARN_COMMA = YES;
				CLANG_WARN_CONSTANT_CONVERSION = YES;
				CLANG_WARN_DEPRECATED_OBJC_IMPLEMENTATIONS = YES;
				CLANG_WARN_DIRECT_OBJC_ISA_USAGE = YES_ERROR;
				CLANG_WARN_DOCUMENTATION_COMMENTS = YES;
				CLANG_WARN_EMPTY_BODY = YES;
				CLANG_WARN_ENUM_CONVERSION = YES;
				CLANG_WARN_INFINITE_RECURSION = YES;
				CLANG_WARN_INT_CONVERSION = YES;
				CLANG_WARN_NON_LITERAL_NULL_CONVERSION = YES;
				CLANG_WARN_OBJC_IMPLICIT_RETAIN_SELF = YES;
				CLANG_WARN_OBJC_LITERAL_CONVERSION = YES;
				CLANG_WARN_OBJC_ROOT_CLASS = YES_ERROR;
				CLANG_WARN_QUOTED_INCLUDE_IN_FRAMEWORK_HEADER = YES;
				CLANG_WARN_RANGE_LOOP_ANALYSIS = YES;
				CLANG_WARN_STRICT_PROTOTYPES = YES;
				CLANG_WARN_SUSPICIOUS_MOVE = YES;
				CLANG_WARN_UNGUARDED_AVAILABILITY = YES_AGGRESSIVE;
				CLANG_WARN_UNREACHABLE_CODE = YES;
				CLANG_WARN__DUPLICATE_METHOD_MATCH = YES;
				COPY_PHASE_STRIP = NO;
				DEBUG_INFORMATION_FORMAT = "dwarf-with-dsym";
				ENABLE_NS_ASSERTIONS = NO;
				ENABLE_STRICT_OBJC_MSGSEND = YES;
				GCC_C_LANGUAGE_STANDARD = gnu11;
				GCC_NO_COMMON_BLOCKS = YES;
				GCC_WARN_64_TO_32_BIT_CONVERSION = YES;
				GCC_WARN_ABOUT_RETURN_TYPE = YES_ERROR;
				GCC_WARN_UNDECLARED_SELECTOR = YES;
				GCC_WARN_UNINITIALIZED_AUTOS = YES_AGGRESSIVE;
				GCC_WARN_UNUSED_FUNCTION = YES;
				GCC_WARN_UNUSED_VARIABLE = YES;
				IPHONEOS_DEPLOYMENT_TARGET = 15.0;
				MTL_ENABLE_DEBUG_INFO = NO;
				MTL_FAST_MATH = YES;
				SDKROOT = iphoneos;
				SWIFT_COMPILATION_MODE = wholemodule;
				SWIFT_OPTIMIZATION_LEVEL = "-O";
				VALIDATE_PRODUCT = YES;
			};
			name = Release;
		};
		2377CE8E273FF8FA001483FD /* Debug */ = {
			isa = XCBuildConfiguration;
			baseConfigurationReference = C923AA7FB58BFFC0116B76AC /* Pods-Matematyka dla maturzystów.debug.xcconfig */;
			buildSettings = {
				ASSETCATALOG_COMPILER_APPICON_NAME = AppIcon;
				ASSETCATALOG_COMPILER_GLOBAL_ACCENT_COLOR_NAME = AccentColor;
				CODE_SIGN_STYLE = Automatic;
				CURRENT_PROJECT_VERSION = 1;
				DEVELOPMENT_TEAM = 979AUB889N;
				GENERATE_INFOPLIST_FILE = YES;
				INFOPLIST_FILE = "Matematyka dla maturzystów/Info.plist";
				INFOPLIST_KEY_UIApplicationSupportsIndirectInputEvents = YES;
				INFOPLIST_KEY_UILaunchStoryboardName = LaunchScreen;
				INFOPLIST_KEY_UIMainStoryboardFile = Main;
				INFOPLIST_KEY_UISupportedInterfaceOrientations = "";
				INFOPLIST_KEY_UISupportedInterfaceOrientations_iPad = "UIInterfaceOrientationPortrait UIInterfaceOrientationPortraitUpsideDown UIInterfaceOrientationLandscapeLeft UIInterfaceOrientationLandscapeRight";
				INFOPLIST_KEY_UISupportedInterfaceOrientations_iPhone = "UIInterfaceOrientationPortrait UIInterfaceOrientationLandscapeLeft UIInterfaceOrientationLandscapeRight";
				LD_RUNPATH_SEARCH_PATHS = (
					"$(inherited)",
					"@executable_path/Frameworks",
				);
				MARKETING_VERSION = 1.0;
				PRODUCT_BUNDLE_IDENTIFIER = "com.pg.Matematyka-dla-maturzysto-w";
				PRODUCT_NAME = "$(TARGET_NAME)";
				SWIFT_EMIT_LOC_STRINGS = YES;
				SWIFT_VERSION = 5.0;
				TARGETED_DEVICE_FAMILY = 1;
			};
			name = Debug;
		};
		2377CE8F273FF8FA001483FD /* Release */ = {
			isa = XCBuildConfiguration;
			baseConfigurationReference = 84114F9937407FBAD8F6F0FD /* Pods-Matematyka dla maturzystów.release.xcconfig */;
			buildSettings = {
				ASSETCATALOG_COMPILER_APPICON_NAME = AppIcon;
				ASSETCATALOG_COMPILER_GLOBAL_ACCENT_COLOR_NAME = AccentColor;
				CODE_SIGN_STYLE = Automatic;
				CURRENT_PROJECT_VERSION = 1;
				DEVELOPMENT_TEAM = 979AUB889N;
				GENERATE_INFOPLIST_FILE = YES;
				INFOPLIST_FILE = "Matematyka dla maturzystów/Info.plist";
				INFOPLIST_KEY_UIApplicationSupportsIndirectInputEvents = YES;
				INFOPLIST_KEY_UILaunchStoryboardName = LaunchScreen;
				INFOPLIST_KEY_UIMainStoryboardFile = Main;
				INFOPLIST_KEY_UISupportedInterfaceOrientations = "";
				INFOPLIST_KEY_UISupportedInterfaceOrientations_iPad = "UIInterfaceOrientationPortrait UIInterfaceOrientationPortraitUpsideDown UIInterfaceOrientationLandscapeLeft UIInterfaceOrientationLandscapeRight";
				INFOPLIST_KEY_UISupportedInterfaceOrientations_iPhone = "UIInterfaceOrientationPortrait UIInterfaceOrientationLandscapeLeft UIInterfaceOrientationLandscapeRight";
				LD_RUNPATH_SEARCH_PATHS = (
					"$(inherited)",
					"@executable_path/Frameworks",
				);
				MARKETING_VERSION = 1.0;
				PRODUCT_BUNDLE_IDENTIFIER = "com.pg.Matematyka-dla-maturzysto-w";
				PRODUCT_NAME = "$(TARGET_NAME)";
				SWIFT_EMIT_LOC_STRINGS = YES;
				SWIFT_VERSION = 5.0;
				TARGETED_DEVICE_FAMILY = 1;
			};
			name = Release;
		};
/* End XCBuildConfiguration section */

/* Begin XCConfigurationList section */
		2377CE74273FF8F8001483FD /* Build configuration list for PBXProject "Matematyka dla maturzystów" */ = {
			isa = XCConfigurationList;
			buildConfigurations = (
				2377CE8B273FF8FA001483FD /* Debug */,
				2377CE8C273FF8FA001483FD /* Release */,
			);
			defaultConfigurationIsVisible = 0;
			defaultConfigurationName = Release;
		};
		2377CE8D273FF8FA001483FD /* Build configuration list for PBXNativeTarget "Matematyka dla maturzystów" */ = {
			isa = XCConfigurationList;
			buildConfigurations = (
				2377CE8E273FF8FA001483FD /* Debug */,
				2377CE8F273FF8FA001483FD /* Release */,
			);
			defaultConfigurationIsVisible = 0;
			defaultConfigurationName = Release;
		};
/* End XCConfigurationList section */
	};
	rootObject = 2377CE71273FF8F8001483FD /* Project object */;
}
